
Microsoft Visual Studio Solution File, Format Version 12.00
# Visual Studio Version 17
VisualStudioVersion = 17.6.33829.357
MinimumVisualStudioVersion = 10.0.40219.1
Project("{FAE04EC0-301F-11D3-BF4B-00C04F79EFBC}") = "HealthCare_MonthlyProject1", "HealthCare_MonthlyProject1\HealthCare_MonthlyProject1.csproj", "{D0D6FDFD-C962-4EC6-9B77-FB7E717D8771}"
EndProject
Global
	GlobalSection(SolutionConfigurationPlatforms) = preSolution
		Debug|Any CPU = Debug|Any CPU
		Release|Any CPU = Release|Any CPU
	EndGlobalSection
	GlobalSection(ProjectConfigurationPlatforms) = postSolution
		{D0D6FDFD-C962-4EC6-9B77-FB7E717D8771}.Debug|Any CPU.ActiveCfg = Debug|Any CPU
		{D0D6FDFD-C962-4EC6-9B77-FB7E717D8771}.Debug|Any CPU.Build.0 = Debug|Any CPU
		{D0D6FDFD-C962-4EC6-9B77-FB7E717D8771}.Release|Any CPU.ActiveCfg = Release|Any CPU
		{D0D6FDFD-C962-4EC6-9B77-FB7E717D8771}.Release|Any CPU.Build.0 = Release|Any CPU
	EndGlobalSection
	GlobalSection(SolutionProperties) = preSolution
		HideSolutionNode = FALSE
	EndGlobalSection
	GlobalSection(ExtensibilityGlobals) = postSolution
		SolutionGuid = {24A7D194-9D51-497A-95AD-2C66FDD80291}
	EndGlobalSection
EndGlobal
